
Microsoft Visual Studio Solution File, Format Version 12.00
# Visual Studio 14
VisualStudioVersion = 14.0.25123.0
MinimumVisualStudioVersion = 10.0.40219.1
Project("{FAE04EC0-301F-11D3-BF4B-00C04F79EFBC}") = "MyTestDesignAutomation", "MyTestDesignAutomation\MyTestDesignAutomation.csproj", "{06054276-DC8F-4934-9174-0E7C13184E67}"
EndProject
Project("{FAE04EC0-301F-11D3-BF4B-00C04F79EFBC}") = "PackageNetPlugin", "PackageNetPlugin\PackageNetPlugin.csproj", "{0D854887-45E9-47CA-A166-77AA74339582}"
EndProject
Global
	GlobalSection(SolutionConfigurationPlatforms) = preSolution
		Debug|Any CPU = Debug|Any CPU
		Release|Any CPU = Release|Any CPU
	EndGlobalSection
	GlobalSection(ProjectConfigurationPlatforms) = postSolution
		{06054276-DC8F-4934-9174-0E7C13184E67}.Debug|Any CPU.ActiveCfg = Debug|Any CPU
		{06054276-DC8F-4934-9174-0E7C13184E67}.Debug|Any CPU.Build.0 = Debug|Any CPU
		{06054276-DC8F-4934-9174-0E7C13184E67}.Release|Any CPU.ActiveCfg = Release|Any CPU
		{06054276-DC8F-4934-9174-0E7C13184E67}.Release|Any CPU.Build.0 = Release|Any CPU
		{0D854887-45E9-47CA-A166-77AA74339582}.Debug|Any CPU.ActiveCfg = Debug|Any CPU
		{0D854887-45E9-47CA-A166-77AA74339582}.Debug|Any CPU.Build.0 = Debug|Any CPU
		{0D854887-45E9-47CA-A166-77AA74339582}.Release|Any CPU.ActiveCfg = Release|Any CPU
		{0D854887-45E9-47CA-A166-77AA74339582}.Release|Any CPU.Build.0 = Release|Any CPU
	EndGlobalSection
	GlobalSection(SolutionProperties) = preSolution
		HideSolutionNode = FALSE
	EndGlobalSection
EndGlobal
